
Microsoft Visual Studio Solution File, Format Version 12.00
# Visual Studio Version 17
VisualStudioVersion = 17.12.35521.163
MinimumVisualStudioVersion = 10.0.40219.1
Project("{FAE04EC0-301F-11D3-BF4B-00C04F79EFBC}") = "01_MainSubjects", "01_MainSubjects\01_MainSubjects.csproj", "{DB5B9D32-F32E-4F51-8021-3466F1339740}"
EndProject
Project("{FAE04EC0-301F-11D3-BF4B-00C04F79EFBC}") = "02_Veriables", "02_Veriables\02_Veriables.csproj", "{F4245795-BABB-44CC-A045-84886655E147}"
EndProject
Project("{FAE04EC0-301F-11D3-BF4B-00C04F79EFBC}") = "03 _MakingDecision", "03 _MakingDecision\03 _MakingDecision.csproj", "{475DAF50-105C-4807-B72C-3A6D461F3EE3}"
EndProject
Project("{FAE04EC0-301F-11D3-BF4B-00C04F79EFBC}") = "04_Loops", "04_Loops\04_Loops.csproj", "{BA313BAF-F0F5-4110-BE9E-F721E9EC613D}"
EndProject
Project("{FAE04EC0-301F-11D3-BF4B-00C04F79EFBC}") = "05_LoopsWithStars", "05_LoopsWithStars\05_LoopsWithStars.csproj", "{E10A7FAD-4574-46AE-83D3-05A11C269160}"
EndProject
Project("{FAE04EC0-301F-11D3-BF4B-00C04F79EFBC}") = "06_Arrays", "06_Arrays\06_Arrays.csproj", "{401D2A6F-A526-4F5A-86F5-BD59B0388EA6}"
EndProject
Project("{FAE04EC0-301F-11D3-BF4B-00C04F79EFBC}") = "07_ForeachLoop", "07_ForeachLoop\07_ForeachLoop.csproj", "{D0988C16-8F5A-466A-9385-51805F016019}"
EndProject
Project("{FAE04EC0-301F-11D3-BF4B-00C04F79EFBC}") = "08_Methods", "08_Methods\08_Methods.csproj", "{4AB20271-04F7-4428-8788-D6116D41854E}"
EndProject
Project("{FAE04EC0-301F-11D3-BF4B-00C04F79EFBC}") = "09_DatabaseProject", "09_DatabaseProject\09_DatabaseProject.csproj", "{E4AD5AA0-8689-46D9-AA04-B8B80AA8C099}"
EndProject
Global
	GlobalSection(SolutionConfigurationPlatforms) = preSolution
		Debug|Any CPU = Debug|Any CPU
		Release|Any CPU = Release|Any CPU
	EndGlobalSection
	GlobalSection(ProjectConfigurationPlatforms) = postSolution
		{DB5B9D32-F32E-4F51-8021-3466F1339740}.Debug|Any CPU.ActiveCfg = Debug|Any CPU
		{DB5B9D32-F32E-4F51-8021-3466F1339740}.Debug|Any CPU.Build.0 = Debug|Any CPU
		{DB5B9D32-F32E-4F51-8021-3466F1339740}.Release|Any CPU.ActiveCfg = Release|Any CPU
		{DB5B9D32-F32E-4F51-8021-3466F1339740}.Release|Any CPU.Build.0 = Release|Any CPU
		{F4245795-BABB-44CC-A045-84886655E147}.Debug|Any CPU.ActiveCfg = Debug|Any CPU
		{F4245795-BABB-44CC-A045-84886655E147}.Debug|Any CPU.Build.0 = Debug|Any CPU
		{F4245795-BABB-44CC-A045-84886655E147}.Release|Any CPU.ActiveCfg = Release|Any CPU
		{F4245795-BABB-44CC-A045-84886655E147}.Release|Any CPU.Build.0 = Release|Any CPU
		{475DAF50-105C-4807-B72C-3A6D461F3EE3}.Debug|Any CPU.ActiveCfg = Debug|Any CPU
		{475DAF50-105C-4807-B72C-3A6D461F3EE3}.Debug|Any CPU.Build.0 = Debug|Any CPU
		{475DAF50-105C-4807-B72C-3A6D461F3EE3}.Release|Any CPU.ActiveCfg = Release|Any CPU
		{475DAF50-105C-4807-B72C-3A6D461F3EE3}.Release|Any CPU.Build.0 = Release|Any CPU
		{BA313BAF-F0F5-4110-BE9E-F721E9EC613D}.Debug|Any CPU.ActiveCfg = Debug|Any CPU
		{BA313BAF-F0F5-4110-BE9E-F721E9EC613D}.Debug|Any CPU.Build.0 = Debug|Any CPU
		{BA313BAF-F0F5-4110-BE9E-F721E9EC613D}.Release|Any CPU.ActiveCfg = Release|Any CPU
		{BA313BAF-F0F5-4110-BE9E-F721E9EC613D}.Release|Any CPU.Build.0 = Release|Any CPU
		{E10A7FAD-4574-46AE-83D3-05A11C269160}.Debug|Any CPU.ActiveCfg = Debug|Any CPU
		{E10A7FAD-4574-46AE-83D3-05A11C269160}.Debug|Any CPU.Build.0 = Debug|Any CPU
		{E10A7FAD-4574-46AE-83D3-05A11C269160}.Release|Any CPU.ActiveCfg = Release|Any CPU
		{E10A7FAD-4574-46AE-83D3-05A11C269160}.Release|Any CPU.Build.0 = Release|Any CPU
		{401D2A6F-A526-4F5A-86F5-BD59B0388EA6}.Debug|Any CPU.ActiveCfg = Debug|Any CPU
		{401D2A6F-A526-4F5A-86F5-BD59B0388EA6}.Debug|Any CPU.Build.0 = Debug|Any CPU
		{401D2A6F-A526-4F5A-86F5-BD59B0388EA6}.Release|Any CPU.ActiveCfg = Release|Any CPU
		{401D2A6F-A526-4F5A-86F5-BD59B0388EA6}.Release|Any CPU.Build.0 = Release|Any CPU
		{D0988C16-8F5A-466A-9385-51805F016019}.Debug|Any CPU.ActiveCfg = Debug|Any CPU
		{D0988C16-8F5A-466A-9385-51805F016019}.Debug|Any CPU.Build.0 = Debug|Any CPU
		{D0988C16-8F5A-466A-9385-51805F016019}.Release|Any CPU.ActiveCfg = Release|Any CPU
		{D0988C16-8F5A-466A-9385-51805F016019}.Release|Any CPU.Build.0 = Release|Any CPU
		{4AB20271-04F7-4428-8788-D6116D41854E}.Debug|Any CPU.ActiveCfg = Debug|Any CPU
		{4AB20271-04F7-4428-8788-D6116D41854E}.Debug|Any CPU.Build.0 = Debug|Any CPU
		{4AB20271-04F7-4428-8788-D6116D41854E}.Release|Any CPU.ActiveCfg = Release|Any CPU
		{4AB20271-04F7-4428-8788-D6116D41854E}.Release|Any CPU.Build.0 = Release|Any CPU
		{E4AD5AA0-8689-46D9-AA04-B8B80AA8C099}.Debug|Any CPU.ActiveCfg = Debug|Any CPU
		{E4AD5AA0-8689-46D9-AA04-B8B80AA8C099}.Debug|Any CPU.Build.0 = Debug|Any CPU
		{E4AD5AA0-8689-46D9-AA04-B8B80AA8C099}.Release|Any CPU.ActiveCfg = Release|Any CPU
		{E4AD5AA0-8689-46D9-AA04-B8B80AA8C099}.Release|Any CPU.Build.0 = Release|Any CPU
	EndGlobalSection
	GlobalSection(SolutionProperties) = preSolution
		HideSolutionNode = FALSE
	EndGlobalSection
EndGlobal
